
Microsoft Visual Studio Solution File, Format Version 12.00
# Visual Studio Version 16
VisualStudioVersion = 16.0.30114.105
MinimumVisualStudioVersion = 10.0.40219.1
Project("{FAE04EC0-301F-11D3-BF4B-00C04F79EFBC}") = "BlazorServerAppWithDataTable", "BlazorServerAppWithDataTable\BlazorServerAppWithDataTable.csproj", "{DBF55548-752F-4001-89B3-0A0BD94EA00B}"
EndProject
Global
	GlobalSection(SolutionConfigurationPlatforms) = preSolution
		Debug|Any CPU = Debug|Any CPU
		Release|Any CPU = Release|Any CPU
	EndGlobalSection
	GlobalSection(ProjectConfigurationPlatforms) = postSolution
		{DBF55548-752F-4001-89B3-0A0BD94EA00B}.Debug|Any CPU.ActiveCfg = Debug|Any CPU
		{DBF55548-752F-4001-89B3-0A0BD94EA00B}.Debug|Any CPU.Build.0 = Debug|Any CPU
		{DBF55548-752F-4001-89B3-0A0BD94EA00B}.Release|Any CPU.ActiveCfg = Release|Any CPU
		{DBF55548-752F-4001-89B3-0A0BD94EA00B}.Release|Any CPU.Build.0 = Release|Any CPU
	EndGlobalSection
	GlobalSection(SolutionProperties) = preSolution
		HideSolutionNode = FALSE
	EndGlobalSection
	GlobalSection(ExtensibilityGlobals) = postSolution
		SolutionGuid = {6BDB9DFE-7877-4DD6-8CDC-9F70353598D5}
	EndGlobalSection
EndGlobal
